
Microsoft Visual Studio Solution File, Format Version 12.00
# Visual Studio Version 16
VisualStudioVersion = 16.0.31025.194
MinimumVisualStudioVersion = 10.0.40219.1
Project("{FAE04EC0-301F-11D3-BF4B-00C04F79EFBC}") = "WebApplication2", "WebApplication2\WebApplication2.csproj", "{A0317D6E-9154-4855-AEE6-B936E3378958}"
EndProject
Global
	GlobalSection(SolutionConfigurationPlatforms) = preSolution
		Debug|Any CPU = Debug|Any CPU
		Release|Any CPU = Release|Any CPU
	EndGlobalSection
	GlobalSection(ProjectConfigurationPlatforms) = postSolution
		{A0317D6E-9154-4855-AEE6-B936E3378958}.Debug|Any CPU.ActiveCfg = Debug|Any CPU
		{A0317D6E-9154-4855-AEE6-B936E3378958}.Debug|Any CPU.Build.0 = Debug|Any CPU
		{A0317D6E-9154-4855-AEE6-B936E3378958}.Release|Any CPU.ActiveCfg = Release|Any CPU
		{A0317D6E-9154-4855-AEE6-B936E3378958}.Release|Any CPU.Build.0 = Release|Any CPU
	EndGlobalSection
	GlobalSection(SolutionProperties) = preSolution
		HideSolutionNode = FALSE
	EndGlobalSection
	GlobalSection(ExtensibilityGlobals) = postSolution
		SolutionGuid = {FB064A86-0E38-4713-A400-0402C695EEA2}
	EndGlobalSection
EndGlobal
